
Microsoft Visual Studio Solution File, Format Version 12.00
# Visual Studio Version 17
VisualStudioVersion = 17.12.35514.174 d17.12
MinimumVisualStudioVersion = 10.0.40219.1
Project("{2150E333-8FDC-42A3-9474-1A3956D46DE8}") = "Nucleo", "Nucleo", "{F4759559-5A1C-46BA-91EF-D8A3E05D0052}"
EndProject
Project("{FAE04EC0-301F-11D3-BF4B-00C04F79EFBC}") = "GestaoPedido.Aplicacao", "GestaoPedido.Aplicacao\GestaoPedido.Aplicacao.csproj", "{17DAFC33-A467-43F1-814A-E9DE0A0363A9}"
EndProject
Project("{FAE04EC0-301F-11D3-BF4B-00C04F79EFBC}") = "GestaoPedido.Dominio", "GestaoPedido.Dominio\GestaoPedido.Dominio.csproj", "{00564837-4B3B-447D-9E1F-C4CEFDE6523B}"
EndProject
Project("{FAE04EC0-301F-11D3-BF4B-00C04F79EFBC}") = "GestaoPedido.Infraestrutura", "GestaoPedido.Infraestrutura\GestaoPedido.Infraestrutura.csproj", "{8F4FB876-E540-49EB-B448-0FD68C0C489F}"
EndProject
Project("{FAE04EC0-301F-11D3-BF4B-00C04F79EFBC}") = "GestaoPedido.Site", "GestaoPedido.Site\GestaoPedido.Site.csproj", "{916B614D-E08E-47C8-A8A3-61FBAA0BBCAC}"
EndProject
Global
	GlobalSection(SolutionConfigurationPlatforms) = preSolution
		Debug|Any CPU = Debug|Any CPU
		Release|Any CPU = Release|Any CPU
	EndGlobalSection
	GlobalSection(ProjectConfigurationPlatforms) = postSolution
		{17DAFC33-A467-43F1-814A-E9DE0A0363A9}.Debug|Any CPU.ActiveCfg = Debug|Any CPU
		{17DAFC33-A467-43F1-814A-E9DE0A0363A9}.Debug|Any CPU.Build.0 = Debug|Any CPU
		{17DAFC33-A467-43F1-814A-E9DE0A0363A9}.Release|Any CPU.ActiveCfg = Release|Any CPU
		{17DAFC33-A467-43F1-814A-E9DE0A0363A9}.Release|Any CPU.Build.0 = Release|Any CPU
		{00564837-4B3B-447D-9E1F-C4CEFDE6523B}.Debug|Any CPU.ActiveCfg = Debug|Any CPU
		{00564837-4B3B-447D-9E1F-C4CEFDE6523B}.Debug|Any CPU.Build.0 = Debug|Any CPU
		{00564837-4B3B-447D-9E1F-C4CEFDE6523B}.Release|Any CPU.ActiveCfg = Release|Any CPU
		{00564837-4B3B-447D-9E1F-C4CEFDE6523B}.Release|Any CPU.Build.0 = Release|Any CPU
		{8F4FB876-E540-49EB-B448-0FD68C0C489F}.Debug|Any CPU.ActiveCfg = Debug|Any CPU
		{8F4FB876-E540-49EB-B448-0FD68C0C489F}.Debug|Any CPU.Build.0 = Debug|Any CPU
		{8F4FB876-E540-49EB-B448-0FD68C0C489F}.Release|Any CPU.ActiveCfg = Release|Any CPU
		{8F4FB876-E540-49EB-B448-0FD68C0C489F}.Release|Any CPU.Build.0 = Release|Any CPU
		{916B614D-E08E-47C8-A8A3-61FBAA0BBCAC}.Debug|Any CPU.ActiveCfg = Debug|Any CPU
		{916B614D-E08E-47C8-A8A3-61FBAA0BBCAC}.Debug|Any CPU.Build.0 = Debug|Any CPU
		{916B614D-E08E-47C8-A8A3-61FBAA0BBCAC}.Release|Any CPU.ActiveCfg = Release|Any CPU
		{916B614D-E08E-47C8-A8A3-61FBAA0BBCAC}.Release|Any CPU.Build.0 = Release|Any CPU
	EndGlobalSection
	GlobalSection(SolutionProperties) = preSolution
		HideSolutionNode = FALSE
	EndGlobalSection
	GlobalSection(NestedProjects) = preSolution
		{17DAFC33-A467-43F1-814A-E9DE0A0363A9} = {F4759559-5A1C-46BA-91EF-D8A3E05D0052}
		{00564837-4B3B-447D-9E1F-C4CEFDE6523B} = {F4759559-5A1C-46BA-91EF-D8A3E05D0052}
		{8F4FB876-E540-49EB-B448-0FD68C0C489F} = {F4759559-5A1C-46BA-91EF-D8A3E05D0052}
	EndGlobalSection
EndGlobal
